%{"conform": {:package, "0.10.2"},
  "cowboy": {:package, "1.0.0"},
  "cowlib": {:package, "1.0.0"},
  "elixir_v8": {:git, "git://github.com/le0pard/elixir_v8.git", "4888b75f896705e41b075fa64610d62923d94eee", []},
  "erlang_v8": {:git, "git://github.com/strange/erlang-v8.git", "baed135f580c871541959a1ec83f994e147c1ca6", []},
  "ex_conf": {:package, "0.1.3"},
  "exlager": {:git, "git://github.com/khia/exlager.git", "dca404300b04d2ad8f42e9ecc6f4c757e169071f", []},
  "exrm": {:git, "git://github.com/bitwalker/exrm.git", "3abc6a6553412ea1ffe4631416f6778c340278bc", []},
  "goldrush": {:git, "git://github.com/DeadZen/goldrush.git", "71e63212f12c25827e0c1b4198d37d5d018a7fec", [tag: "0.1.6"]},
  "inflex": {:package, "0.2.4"},
  "jazz": {:package, "0.2.0"},
  "jsex": {:git, "git://github.com/talentdeficit/jsex.git", "661ce8565aaea22aa3576d4ad5e9d11065fe60f9", []},
  "jsx": {:package, "2.0.4"},
  "lager": {:git, "https://github.com/basho/lager.git", "dd267603e93e8babe9ef9164fc176b430d669431", []},
  "linguist": {:package, "0.1.1"},
  "phoenix": {:git, "git://github.com/phoenixframework/phoenix.git", "52b1255e23b9b4b51482882a8331d77fd981e5b1", []},
  "plug": {:package, "0.5.3"},
  "poolboy": {:git, "git://github.com/devinus/poolboy.git", "17d1582533af5c076117e2e1270f4b43faa02f12", []},
  "ranch": {:package, "1.0.0"}}
