%{"conform": {:package, "0.10.5"},
  "cowboy": {:package, "1.0.0"},
  "cowlib": {:package, "1.0.0"},
  "elixir_v8": {:git, "git://github.com/le0pard/elixir_v8.git", "b306f232710e065e5ad72f406703e7915ddda1ae", []},
  "erlang_v8": {:git, "git://github.com/strange/erlang-v8.git", "baed135f580c871541959a1ec83f994e147c1ca6", []},
  "ex_conf": {:package, "0.1.3"},
  "exlager": {:git, "git://github.com/khia/exlager.git", "dca404300b04d2ad8f42e9ecc6f4c757e169071f", []},
  "exrm": {:package, "0.14.10"},
  "goldrush": {:git, "git://github.com/DeadZen/goldrush.git", "71e63212f12c25827e0c1b4198d37d5d018a7fec", [tag: "0.1.6"]},
  "inflex": {:package, "0.2.4"},
  "jazz": {:package, "0.2.0"},
  "jsex": {:git, "git://github.com/talentdeficit/jsex.git", "4f9d46b77567a48282a3477f87ab72faf6bd1721", []},
  "jsx": {:package, "2.1.1"},
  "lager": {:git, "https://github.com/basho/lager.git", "dd267603e93e8babe9ef9164fc176b430d669431", []},
  "linguist": {:package, "0.1.2"},
  "phoenix": {:git, "git://github.com/phoenixframework/phoenix.git", "ad9cf95831db95defe1d3b63cf0a759b068cef5e", []},
  "plug": {:package, "0.8.0"},
  "poison": {:package, "1.1.1"},
  "poolboy": {:git, "git://github.com/devinus/poolboy.git", "0d4082dff0e46da7e026e4fe3209784e8ec22fea", []},
  "ranch": {:package, "1.0.0"}}
