%{"conform": {:package, "0.8.2"},
  "cowboy": {:git, "git://github.com/extend/cowboy.git", "9980348a1cd74a41b3024f0b01d6fef301d8288b", []},
  "cowlib": {:git, "git://github.com/extend/cowlib.git", "e2ffefe828b918486e2cd76e44c54ae9b62c616e", [ref: "0.6.2"]},
  "elixir_v8": {:git, "git://github.com/le0pard/elixir_v8.git", "64716ab2d35535dce6110c0cac3897abee6df50e", []},
  "erlang_v8": {:git, "git://github.com/strange/erlang-v8.git", "baed135f580c871541959a1ec83f994e147c1ca6", []},
  "ex_conf": {:package, "0.1.3"},
  "exlager": {:git, "git://github.com/khia/exlager.git", "dca404300b04d2ad8f42e9ecc6f4c757e169071f", []},
  "exrm": {:git, "git://github.com/bitwalker/exrm.git", "9e6da1fdc3d0a68722e698cbbae06267dd81f190", []},
  "goldrush": {:git, "git://github.com/DeadZen/goldrush.git", "71e63212f12c25827e0c1b4198d37d5d018a7fec", [tag: "0.1.6"]},
  "inflex": {:package, "0.2.4"},
  "jazz": {:package, "0.1.2"},
  "jsex": {:git, "git://github.com/talentdeficit/jsex.git", "661ce8565aaea22aa3576d4ad5e9d11065fe60f9", []},
  "jsx": {:package, "2.0.4"},
  "lager": {:git, "https://github.com/basho/lager.git", "4d8291edb72a25ac0efde907e2ecaa115108ff90", []},
  "phoenix": {:package, "0.3.1"},
  "plug": {:package, "0.5.1"},
  "poolboy": {:git, "git://github.com/devinus/poolboy.git", "91cf587b6029be696679a4788905de796ec89df3", []},
  "ranch": {:git, "git://github.com/extend/ranch.git", "3189ef2d47843945efc96c224963380462c33d40", [ref: "0.10.0"]}}
